// !$*UTF8*$!
{
	archiveVersion = 1;
	classes = {
	};
	objectVersion = 50;
	objects = {

/* Begin PBXBuildFile section */
		3EDAEF4322DC58EA00EA4DF1 /* AppDelegate.swift in Sources */ = {isa = PBXBuildFile; fileRef = 3EDAEF4222DC58EA00EA4DF1 /* AppDelegate.swift */; };
		3EDAEF4522DC58EA00EA4DF1 /* ViewController.swift in Sources */ = {isa = PBXBuildFile; fileRef = 3EDAEF4422DC58EA00EA4DF1 /* ViewController.swift */; };
		3EDAEF4822DC58EA00EA4DF1 /* Main.storyboard in Resources */ = {isa = PBXBuildFile; fileRef = 3EDAEF4622DC58EA00EA4DF1 /* Main.storyboard */; };
		3EDAEF4A22DC58EB00EA4DF1 /* Assets.xcassets in Resources */ = {isa = PBXBuildFile; fileRef = 3EDAEF4922DC58EB00EA4DF1 /* Assets.xcassets */; };
		3EDAEF5822DC58EB00EA4DF1 /* Vysus_Welcome_version_3Tests.swift in Sources */ = {isa = PBXBuildFile; fileRef = 3EDAEF5722DC58EB00EA4DF1 /* Vysus_Welcome_version_3Tests.swift */; };
		3EDAEF6322DC58EB00EA4DF1 /* Vysus_Welcome_version_3UITests.swift in Sources */ = {isa = PBXBuildFile; fileRef = 3EDAEF6222DC58EB00EA4DF1 /* Vysus_Welcome_version_3UITests.swift */; };
		3EDAEF7122DC58FE00EA4DF1 /* swift + gif.swift in Sources */ = {isa = PBXBuildFile; fileRef = 3EDAEF7022DC58FE00EA4DF1 /* swift + gif.swift */; };
		3EDAEF7322DC599900EA4DF1 /* gifexample.gif in Resources */ = {isa = PBXBuildFile; fileRef = 3EDAEF7222DC599900EA4DF1 /* gifexample.gif */; };
		3EEA9F9C22DCE7FE00F45397 /* Visus.png in Resources */ = {isa = PBXBuildFile; fileRef = 3EEA9F9B22DCE7FE00F45397 /* Visus.png */; };
/* End PBXBuildFile section */

/* Begin PBXContainerItemProxy section */
		3EDAEF5422DC58EB00EA4DF1 /* PBXContainerItemProxy */ = {
			isa = PBXContainerItemProxy;
			containerPortal = 3EDAEF3722DC58EA00EA4DF1 /* Project object */;
			proxyType = 1;
			remoteGlobalIDString = 3EDAEF3E22DC58EA00EA4DF1;
			remoteInfo = "Vysus Welcome version 3";
		};
		3EDAEF5F22DC58EB00EA4DF1 /* PBXContainerItemProxy */ = {
			isa = PBXContainerItemProxy;
			containerPortal = 3EDAEF3722DC58EA00EA4DF1 /* Project object */;
			proxyType = 1;
			remoteGlobalIDString = 3EDAEF3E22DC58EA00EA4DF1;
			remoteInfo = "Vysus Welcome version 3";
		};
/* End PBXContainerItemProxy section */

/* Begin PBXFileReference section */
		3EDAEF3F22DC58EA00EA4DF1 /* Vysus Welcome version 3.app */ = {isa = PBXFileReference; explicitFileType = wrapper.application; includeInIndex = 0; path = "Vysus Welcome version 3.app"; sourceTree = BUILT_PRODUCTS_DIR; };
		3EDAEF4222DC58EA00EA4DF1 /* AppDelegate.swift */ = {isa = PBXFileReference; lastKnownFileType = sourcecode.swift; path = AppDelegate.swift; sourceTree = "<group>"; };
		3EDAEF4422DC58EA00EA4DF1 /* ViewController.swift */ = {isa = PBXFileReference; lastKnownFileType = sourcecode.swift; path = ViewController.swift; sourceTree = "<group>"; };
		3EDAEF4722DC58EA00EA4DF1 /* Base */ = {isa = PBXFileReference; lastKnownFileType = file.storyboard; name = Base; path = Base.lproj/Main.storyboard; sourceTree = "<group>"; };
		3EDAEF4922DC58EB00EA4DF1 /* Assets.xcassets */ = {isa = PBXFileReference; lastKnownFileType = folder.assetcatalog; path = Assets.xcassets; sourceTree = "<group>"; };
		3EDAEF4E22DC58EB00EA4DF1 /* Info.plist */ = {isa = PBXFileReference; lastKnownFileType = text.plist.xml; path = Info.plist; sourceTree = "<group>"; };
		3EDAEF5322DC58EB00EA4DF1 /* Vysus Welcome version 3Tests.xctest */ = {isa = PBXFileReference; explicitFileType = wrapper.cfbundle; includeInIndex = 0; path = "Vysus Welcome version 3Tests.xctest"; sourceTree = BUILT_PRODUCTS_DIR; };
		3EDAEF5722DC58EB00EA4DF1 /* Vysus_Welcome_version_3Tests.swift */ = {isa = PBXFileReference; lastKnownFileType = sourcecode.swift; path = Vysus_Welcome_version_3Tests.swift; sourceTree = "<group>"; };
		3EDAEF5922DC58EB00EA4DF1 /* Info.plist */ = {isa = PBXFileReference; lastKnownFileType = text.plist.xml; path = Info.plist; sourceTree = "<group>"; };
		3EDAEF5E22DC58EB00EA4DF1 /* Vysus Welcome version 3UITests.xctest */ = {isa = PBXFileReference; explicitFileType = wrapper.cfbundle; includeInIndex = 0; path = "Vysus Welcome version 3UITests.xctest"; sourceTree = BUILT_PRODUCTS_DIR; };
		3EDAEF6222DC58EB00EA4DF1 /* Vysus_Welcome_version_3UITests.swift */ = {isa = PBXFileReference; lastKnownFileType = sourcecode.swift; path = Vysus_Welcome_version_3UITests.swift; sourceTree = "<group>"; };
		3EDAEF6422DC58EB00EA4DF1 /* Info.plist */ = {isa = PBXFileReference; lastKnownFileType = text.plist.xml; path = Info.plist; sourceTree = "<group>"; };
		3EDAEF7022DC58FE00EA4DF1 /* swift + gif.swift */ = {isa = PBXFileReference; lastKnownFileType = sourcecode.swift; path = "swift + gif.swift"; sourceTree = "<group>"; };
		3EDAEF7222DC599900EA4DF1 /* gifexample.gif */ = {isa = PBXFileReference; lastKnownFileType = image.gif; path = gifexample.gif; sourceTree = "<group>"; };
		3EEA9F9B22DCE7FE00F45397 /* Visus.png */ = {isa = PBXFileReference; lastKnownFileType = image.png; name = Visus.png; path = ../../Visus.png; sourceTree = "<group>"; };
/* End PBXFileReference section */

/* Begin PBXFrameworksBuildPhase section */
		3EDAEF3C22DC58EA00EA4DF1 /* Frameworks */ = {
			isa = PBXFrameworksBuildPhase;
			buildActionMask = 2147483647;
			files = (
			);
			runOnlyForDeploymentPostprocessing = 0;
		};
		3EDAEF5022DC58EB00EA4DF1 /* Frameworks */ = {
			isa = PBXFrameworksBuildPhase;
			buildActionMask = 2147483647;
			files = (
			);
			runOnlyForDeploymentPostprocessing = 0;
		};
		3EDAEF5B22DC58EB00EA4DF1 /* Frameworks */ = {
			isa = PBXFrameworksBuildPhase;
			buildActionMask = 2147483647;
			files = (
			);
			runOnlyForDeploymentPostprocessing = 0;
		};
/* End PBXFrameworksBuildPhase section */

/* Begin PBXGroup section */
		3EDAEF3622DC58EA00EA4DF1 = {
			isa = PBXGroup;
			children = (
				3EDAEF4122DC58EA00EA4DF1 /* Vysus Welcome version 3 */,
				3EDAEF5622DC58EB00EA4DF1 /* Vysus Welcome version 3Tests */,
				3EDAEF6122DC58EB00EA4DF1 /* Vysus Welcome version 3UITests */,
				3EDAEF4022DC58EA00EA4DF1 /* Products */,
			);
			sourceTree = "<group>";
		};
		3EDAEF4022DC58EA00EA4DF1 /* Products */ = {
			isa = PBXGroup;
			children = (
				3EDAEF3F22DC58EA00EA4DF1 /* Vysus Welcome version 3.app */,
				3EDAEF5322DC58EB00EA4DF1 /* Vysus Welcome version 3Tests.xctest */,
				3EDAEF5E22DC58EB00EA4DF1 /* Vysus Welcome version 3UITests.xctest */,
			);
			name = Products;
			sourceTree = "<group>";
		};
		3EDAEF4122DC58EA00EA4DF1 /* Vysus Welcome version 3 */ = {
			isa = PBXGroup;
			children = (
				3EDAEF7022DC58FE00EA4DF1 /* swift + gif.swift */,
				3EDAEF4222DC58EA00EA4DF1 /* AppDelegate.swift */,
				3EDAEF4422DC58EA00EA4DF1 /* ViewController.swift */,
				3EDAEF4622DC58EA00EA4DF1 /* Main.storyboard */,
				3EDAEF4922DC58EB00EA4DF1 /* Assets.xcassets */,
				3EDAEF4E22DC58EB00EA4DF1 /* Info.plist */,
				3EDAEF7222DC599900EA4DF1 /* gifexample.gif */,
				3EEA9F9B22DCE7FE00F45397 /* Visus.png */,
			);
			path = "Vysus Welcome version 3";
			sourceTree = "<group>";
		};
		3EDAEF5622DC58EB00EA4DF1 /* Vysus Welcome version 3Tests */ = {
			isa = PBXGroup;
			children = (
				3EDAEF5722DC58EB00EA4DF1 /* Vysus_Welcome_version_3Tests.swift */,
				3EDAEF5922DC58EB00EA4DF1 /* Info.plist */,
			);
			path = "Vysus Welcome version 3Tests";
			sourceTree = "<group>";
		};
		3EDAEF6122DC58EB00EA4DF1 /* Vysus Welcome version 3UITests */ = {
			isa = PBXGroup;
			children = (
				3EDAEF6222DC58EB00EA4DF1 /* Vysus_Welcome_version_3UITests.swift */,
				3EDAEF6422DC58EB00EA4DF1 /* Info.plist */,
			);
			path = "Vysus Welcome version 3UITests";
			sourceTree = "<group>";
		};
/* End PBXGroup section */

/* Begin PBXNativeTarget section */
		3EDAEF3E22DC58EA00EA4DF1 /* Vysus Welcome version 3 */ = {
			isa = PBXNativeTarget;
			buildConfigurationList = 3EDAEF6722DC58EB00EA4DF1 /* Build configuration list for PBXNativeTarget "Vysus Welcome version 3" */;
			buildPhases = (
				3EDAEF3B22DC58EA00EA4DF1 /* Sources */,
				3EDAEF3C22DC58EA00EA4DF1 /* Frameworks */,
				3EDAEF3D22DC58EA00EA4DF1 /* Resources */,
			);
			buildRules = (
			);
			dependencies = (
			);
			name = "Vysus Welcome version 3";
			productName = "Vysus Welcome version 3";
			productReference = 3EDAEF3F22DC58EA00EA4DF1 /* Vysus Welcome version 3.app */;
			productType = "com.apple.product-type.application";
		};
		3EDAEF5222DC58EB00EA4DF1 /* Vysus Welcome version 3Tests */ = {
			isa = PBXNativeTarget;
			buildConfigurationList = 3EDAEF6A22DC58EB00EA4DF1 /* Build configuration list for PBXNativeTarget "Vysus Welcome version 3Tests" */;
			buildPhases = (
				3EDAEF4F22DC58EB00EA4DF1 /* Sources */,
				3EDAEF5022DC58EB00EA4DF1 /* Frameworks */,
				3EDAEF5122DC58EB00EA4DF1 /* Resources */,
			);
			buildRules = (
			);
			dependencies = (
				3EDAEF5522DC58EB00EA4DF1 /* PBXTargetDependency */,
			);
			name = "Vysus Welcome version 3Tests";
			productName = "Vysus Welcome version 3Tests";
			productReference = 3EDAEF5322DC58EB00EA4DF1 /* Vysus Welcome version 3Tests.xctest */;
			productType = "com.apple.product-type.bundle.unit-test";
		};
		3EDAEF5D22DC58EB00EA4DF1 /* Vysus Welcome version 3UITests */ = {
			isa = PBXNativeTarget;
			buildConfigurationList = 3EDAEF6D22DC58EB00EA4DF1 /* Build configuration list for PBXNativeTarget "Vysus Welcome version 3UITests" */;
			buildPhases = (
				3EDAEF5A22DC58EB00EA4DF1 /* Sources */,
				3EDAEF5B22DC58EB00EA4DF1 /* Frameworks */,
				3EDAEF5C22DC58EB00EA4DF1 /* Resources */,
			);
			buildRules = (
			);
			dependencies = (
				3EDAEF6022DC58EB00EA4DF1 /* PBXTargetDependency */,
			);
			name = "Vysus Welcome version 3UITests";
			productName = "Vysus Welcome version 3UITests";
			productReference = 3EDAEF5E22DC58EB00EA4DF1 /* Vysus Welcome version 3UITests.xctest */;
			productType = "com.apple.product-type.bundle.ui-testing";
		};
/* End PBXNativeTarget section */

/* Begin PBXProject section */
		3EDAEF3722DC58EA00EA4DF1 /* Project object */ = {
			isa = PBXProject;
			attributes = {
				LastSwiftUpdateCheck = 1020;
				LastUpgradeCheck = 1020;
				ORGANIZATIONNAME = "Jacinda Eng";
				TargetAttributes = {
					3EDAEF3E22DC58EA00EA4DF1 = {
						CreatedOnToolsVersion = 10.2.1;
					};
					3EDAEF5222DC58EB00EA4DF1 = {
						CreatedOnToolsVersion = 10.2.1;
						TestTargetID = 3EDAEF3E22DC58EA00EA4DF1;
					};
					3EDAEF5D22DC58EB00EA4DF1 = {
						CreatedOnToolsVersion = 10.2.1;
						TestTargetID = 3EDAEF3E22DC58EA00EA4DF1;
					};
				};
			};
			buildConfigurationList = 3EDAEF3A22DC58EA00EA4DF1 /* Build configuration list for PBXProject "Vysus Welcome version 3" */;
			compatibilityVersion = "Xcode 9.3";
			developmentRegion = en;
			hasScannedForEncodings = 0;
			knownRegions = (
				en,
				Base,
			);
			mainGroup = 3EDAEF3622DC58EA00EA4DF1;
			productRefGroup = 3EDAEF4022DC58EA00EA4DF1 /* Products */;
			projectDirPath = "";
			projectRoot = "";
			targets = (
				3EDAEF3E22DC58EA00EA4DF1 /* Vysus Welcome version 3 */,
				3EDAEF5222DC58EB00EA4DF1 /* Vysus Welcome version 3Tests */,
				3EDAEF5D22DC58EB00EA4DF1 /* Vysus Welcome version 3UITests */,
			);
		};
/* End PBXProject section */

/* Begin PBXResourcesBuildPhase section */
		3EDAEF3D22DC58EA00EA4DF1 /* Resources */ = {
			isa = PBXResourcesBuildPhase;
			buildActionMask = 2147483647;
			files = (
				3EDAEF7322DC599900EA4DF1 /* gifexample.gif in Resources */,
				3EEA9F9C22DCE7FE00F45397 /* Visus.png in Resources */,
				3EDAEF4A22DC58EB00EA4DF1 /* Assets.xcassets in Resources */,
				3EDAEF4822DC58EA00EA4DF1 /* Main.storyboard in Resources */,
			);
			runOnlyForDeploymentPostprocessing = 0;
		};
		3EDAEF5122DC58EB00EA4DF1 /* Resources */ = {
			isa = PBXResourcesBuildPhase;
			buildActionMask = 2147483647;
			files = (
			);
			runOnlyForDeploymentPostprocessing = 0;
		};
		3EDAEF5C22DC58EB00EA4DF1 /* Resources */ = {
			isa = PBXResourcesBuildPhase;
			buildActionMask = 2147483647;
			files = (
			);
			runOnlyForDeploymentPostprocessing = 0;
		};
/* End PBXResourcesBuildPhase section */

/* Begin PBXSourcesBuildPhase section */
		3EDAEF3B22DC58EA00EA4DF1 /* Sources */ = {
			isa = PBXSourcesBuildPhase;
			buildActionMask = 2147483647;
			files = (
				3EDAEF4522DC58EA00EA4DF1 /* ViewController.swift in Sources */,
				3EDAEF7122DC58FE00EA4DF1 /* swift + gif.swift in Sources */,
				3EDAEF4322DC58EA00EA4DF1 /* AppDelegate.swift in Sources */,
			);
			runOnlyForDeploymentPostprocessing = 0;
		};
		3EDAEF4F22DC58EB00EA4DF1 /* Sources */ = {
			isa = PBXSourcesBuildPhase;
			buildActionMask = 2147483647;
			files = (
				3EDAEF5822DC58EB00EA4DF1 /* Vysus_Welcome_version_3Tests.swift in Sources */,
			);
			runOnlyForDeploymentPostprocessing = 0;
		};
		3EDAEF5A22DC58EB00EA4DF1 /* Sources */ = {
			isa = PBXSourcesBuildPhase;
			buildActionMask = 2147483647;
			files = (
				3EDAEF6322DC58EB00EA4DF1 /* Vysus_Welcome_version_3UITests.swift in Sources */,
			);
			runOnlyForDeploymentPostprocessing = 0;
		};
/* End PBXSourcesBuildPhase section */

/* Begin PBXTargetDependency section */
		3EDAEF5522DC58EB00EA4DF1 /* PBXTargetDependency */ = {
			isa = PBXTargetDependency;
			target = 3EDAEF3E22DC58EA00EA4DF1 /* Vysus Welcome version 3 */;
			targetProxy = 3EDAEF5422DC58EB00EA4DF1 /* PBXContainerItemProxy */;
		};
		3EDAEF6022DC58EB00EA4DF1 /* PBXTargetDependency */ = {
			isa = PBXTargetDependency;
			target = 3EDAEF3E22DC58EA00EA4DF1 /* Vysus Welcome version 3 */;
			targetProxy = 3EDAEF5F22DC58EB00EA4DF1 /* PBXContainerItemProxy */;
		};
/* End PBXTargetDependency section */

/* Begin PBXVariantGroup section */
		3EDAEF4622DC58EA00EA4DF1 /* Main.storyboard */ = {
			isa = PBXVariantGroup;
			children = (
				3EDAEF4722DC58EA00EA4DF1 /* Base */,
			);
			name = Main.storyboard;
			sourceTree = "<group>";
		};
/* End PBXVariantGroup section */

/* Begin XCBuildConfiguration section */
		3EDAEF6522DC58EB00EA4DF1 /* Debug */ = {
			isa = XCBuildConfiguration;
			buildSettings = {
				ALWAYS_SEARCH_USER_PATHS = NO;
				CLANG_ANALYZER_NONNULL = YES;
				CLANG_ANALYZER_NUMBER_OBJECT_CONVERSION = YES_AGGRESSIVE;
				CLANG_CXX_LANGUAGE_STANDARD = "gnu++14";
				CLANG_CXX_LIBRARY = "libc++";
				CLANG_ENABLE_MODULES = YES;
				CLANG_ENABLE_OBJC_ARC = YES;
				CLANG_ENABLE_OBJC_WEAK = YES;
				CLANG_WARN_BLOCK_CAPTURE_AUTORELEASING = YES;
				CLANG_WARN_BOOL_CONVERSION = YES;
				CLANG_WARN_COMMA = YES;
				CLANG_WARN_CONSTANT_CONVERSION = YES;
				CLANG_WARN_DEPRECATED_OBJC_IMPLEMENTATIONS = YES;
				CLANG_WARN_DIRECT_OBJC_ISA_USAGE = YES_ERROR;
				CLANG_WARN_DOCUMENTATION_COMMENTS = YES;
				CLANG_WARN_EMPTY_BODY = YES;
				CLANG_WARN_ENUM_CONVERSION = YES;
				CLANG_WARN_INFINITE_RECURSION = YES;
				CLANG_WARN_INT_CONVERSION = YES;
				CLANG_WARN_NON_LITERAL_NULL_CONVERSION = YES;
				CLANG_WARN_OBJC_IMPLICIT_RETAIN_SELF = YES;
				CLANG_WARN_OBJC_LITERAL_CONVERSION = YES;
				CLANG_WARN_OBJC_ROOT_CLASS = YES_ERROR;
				CLANG_WARN_RANGE_LOOP_ANALYSIS = YES;
				CLANG_WARN_STRICT_PROTOTYPES = YES;
				CLANG_WARN_SUSPICIOUS_MOVE = YES;
				CLANG_WARN_UNGUARDED_AVAILABILITY = YES_AGGRESSIVE;
				CLANG_WARN_UNREACHABLE_CODE = YES;
				CLANG_WARN__DUPLICATE_METHOD_MATCH = YES;
				CODE_SIGN_IDENTITY = "iPhone Developer";
				COPY_PHASE_STRIP = NO;
				DEBUG_INFORMATION_FORMAT = dwarf;
				ENABLE_STRICT_OBJC_MSGSEND = YES;
				ENABLE_TESTABILITY = YES;
				GCC_C_LANGUAGE_STANDARD = gnu11;
				GCC_DYNAMIC_NO_PIC = NO;
				GCC_NO_COMMON_BLOCKS = YES;
				GCC_OPTIMIZATION_LEVEL = 0;
				GCC_PREPROCESSOR_DEFINITIONS = (
					"DEBUG=1",
					"$(inherited)",
				);
				GCC_WARN_64_TO_32_BIT_CONVERSION = YES;
				GCC_WARN_ABOUT_RETURN_TYPE = YES_ERROR;
				GCC_WARN_UNDECLARED_SELECTOR = YES;
				GCC_WARN_UNINITIALIZED_AUTOS = YES_AGGRESSIVE;
				GCC_WARN_UNUSED_FUNCTION = YES;
				GCC_WARN_UNUSED_VARIABLE = YES;
				IPHONEOS_DEPLOYMENT_TARGET = 12.2;
				MTL_ENABLE_DEBUG_INFO = INCLUDE_SOURCE;
				MTL_FAST_MATH = YES;
				ONLY_ACTIVE_ARCH = YES;
				SDKROOT = iphoneos;
				SWIFT_ACTIVE_COMPILATION_CONDITIONS = DEBUG;
				SWIFT_OPTIMIZATION_LEVEL = "-Onone";
			};
			name = Debug;
		};
		3EDAEF6622DC58EB00EA4DF1 /* Release */ = {
			isa = XCBuildConfiguration;
			buildSettings = {
				ALWAYS_SEARCH_USER_PATHS = NO;
				CLANG_ANALYZER_NONNULL = YES;
				CLANG_ANALYZER_NUMBER_OBJECT_CONVERSION = YES_AGGRESSIVE;
				CLANG_CXX_LANGUAGE_STANDARD = "gnu++14";
				CLANG_CXX_LIBRARY = "libc++";
				CLANG_ENABLE_MODULES = YES;
				CLANG_ENABLE_OBJC_ARC = YES;
				CLANG_ENABLE_OBJC_WEAK = YES;
				CLANG_WARN_BLOCK_CAPTURE_AUTORELEASING = YES;
				CLANG_WARN_BOOL_CONVERSION = YES;
				CLANG_WARN_COMMA = YES;
				CLANG_WARN_CONSTANT_CONVERSION = YES;
				CLANG_WARN_DEPRECATED_OBJC_IMPLEMENTATIONS = YES;
				CLANG_WARN_DIRECT_OBJC_ISA_USAGE = YES_ERROR;
				CLANG_WARN_DOCUMENTATION_COMMENTS = YES;
				CLANG_WARN_EMPTY_BODY = YES;
				CLANG_WARN_ENUM_CONVERSION = YES;
				CLANG_WARN_INFINITE_RECURSION = YES;
				CLANG_WARN_INT_CONVERSION = YES;
				CLANG_WARN_NON_LITERAL_NULL_CONVERSION = YES;
				CLANG_WARN_OBJC_IMPLICIT_RETAIN_SELF = YES;
				CLANG_WARN_OBJC_LITERAL_CONVERSION = YES;
				CLANG_WARN_OBJC_ROOT_CLASS = YES_ERROR;
				CLANG_WARN_RANGE_LOOP_ANALYSIS = YES;
				CLANG_WARN_STRICT_PROTOTYPES = YES;
				CLANG_WARN_SUSPICIOUS_MOVE = YES;
				CLANG_WARN_UNGUARDED_AVAILABILITY = YES_AGGRESSIVE;
				CLANG_WARN_UNREACHABLE_CODE = YES;
				CLANG_WARN__DUPLICATE_METHOD_MATCH = YES;
				CODE_SIGN_IDENTITY = "iPhone Developer";
				COPY_PHASE_STRIP = NO;
				DEBUG_INFORMATION_FORMAT = "dwarf-with-dsym";
				ENABLE_NS_ASSERTIONS = NO;
				ENABLE_STRICT_OBJC_MSGSEND = YES;
				GCC_C_LANGUAGE_STANDARD = gnu11;
				GCC_NO_COMMON_BLOCKS = YES;
				GCC_WARN_64_TO_32_BIT_CONVERSION = YES;
				GCC_WARN_ABOUT_RETURN_TYPE = YES_ERROR;
				GCC_WARN_UNDECLARED_SELECTOR = YES;
				GCC_WARN_UNINITIALIZED_AUTOS = YES_AGGRESSIVE;
				GCC_WARN_UNUSED_FUNCTION = YES;
				GCC_WARN_UNUSED_VARIABLE = YES;
				IPHONEOS_DEPLOYMENT_TARGET = 12.2;
				MTL_ENABLE_DEBUG_INFO = NO;
				MTL_FAST_MATH = YES;
				SDKROOT = iphoneos;
				SWIFT_COMPILATION_MODE = wholemodule;
				SWIFT_OPTIMIZATION_LEVEL = "-O";
				VALIDATE_PRODUCT = YES;
			};
			name = Release;
		};
		3EDAEF6822DC58EB00EA4DF1 /* Debug */ = {
			isa = XCBuildConfiguration;
			buildSettings = {
				ASSETCATALOG_COMPILER_APPICON_NAME = AppIcon;
				CODE_SIGN_STYLE = Automatic;
				INFOPLIST_FILE = "Vysus Welcome version 3/Info.plist";
				LD_RUNPATH_SEARCH_PATHS = (
					"$(inherited)",
					"@executable_path/Frameworks",
				);
				PRODUCT_BUNDLE_IDENTIFIER = "com.jacinda.Vysus-Welcome-version-3";
				PRODUCT_NAME = "$(TARGET_NAME)";
				SWIFT_VERSION = 5.0;
				TARGETED_DEVICE_FAMILY = "1,2";
			};
			name = Debug;
		};
		3EDAEF6922DC58EB00EA4DF1 /* Release */ = {
			isa = XCBuildConfiguration;
			buildSettings = {
				ASSETCATALOG_COMPILER_APPICON_NAME = AppIcon;
				CODE_SIGN_STYLE = Automatic;
				INFOPLIST_FILE = "Vysus Welcome version 3/Info.plist";
				LD_RUNPATH_SEARCH_PATHS = (
					"$(inherited)",
					"@executable_path/Frameworks",
				);
				PRODUCT_BUNDLE_IDENTIFIER = "com.jacinda.Vysus-Welcome-version-3";
				PRODUCT_NAME = "$(TARGET_NAME)";
				SWIFT_VERSION = 5.0;
				TARGETED_DEVICE_FAMILY = "1,2";
			};
			name = Release;
		};
		3EDAEF6B22DC58EB00EA4DF1 /* Debug */ = {
			isa = XCBuildConfiguration;
			buildSettings = {
				ALWAYS_EMBED_SWIFT_STANDARD_LIBRARIES = YES;
				BUNDLE_LOADER = "$(TEST_HOST)";
				CODE_SIGN_STYLE = Automatic;
				INFOPLIST_FILE = "Vysus Welcome version 3Tests/Info.plist";
				LD_RUNPATH_SEARCH_PATHS = (
					"$(inherited)",
					"@executable_path/Frameworks",
					"@loader_path/Frameworks",
				);
				PRODUCT_BUNDLE_IDENTIFIER = "com.jacinda.Vysus-Welcome-version-3Tests";
				PRODUCT_NAME = "$(TARGET_NAME)";
				SWIFT_VERSION = 5.0;
				TARGETED_DEVICE_FAMILY = "1,2";
				TEST_HOST = "$(BUILT_PRODUCTS_DIR)/Vysus Welcome version 3.app/Vysus Welcome version 3";
			};
			name = Debug;
		};
		3EDAEF6C22DC58EB00EA4DF1 /* Release */ = {
			isa = XCBuildConfiguration;
			buildSettings = {
				ALWAYS_EMBED_SWIFT_STANDARD_LIBRARIES = YES;
				BUNDLE_LOADER = "$(TEST_HOST)";
				CODE_SIGN_STYLE = Automatic;
				INFOPLIST_FILE = "Vysus Welcome version 3Tests/Info.plist";
				LD_RUNPATH_SEARCH_PATHS = (
					"$(inherited)",
					"@executable_path/Frameworks",
					"@loader_path/Frameworks",
				);
				PRODUCT_BUNDLE_IDENTIFIER = "com.jacinda.Vysus-Welcome-version-3Tests";
				PRODUCT_NAME = "$(TARGET_NAME)";
				SWIFT_VERSION = 5.0;
				TARGETED_DEVICE_FAMILY = "1,2";
				TEST_HOST = "$(BUILT_PRODUCTS_DIR)/Vysus Welcome version 3.app/Vysus Welcome version 3";
			};
			name = Release;
		};
		3EDAEF6E22DC58EB00EA4DF1 /* Debug */ = {
			isa = XCBuildConfiguration;
			buildSettings = {
				ALWAYS_EMBED_SWIFT_STANDARD_LIBRARIES = YES;
				CODE_SIGN_STYLE = Automatic;
				INFOPLIST_FILE = "Vysus Welcome version 3UITests/Info.plist";
				LD_RUNPATH_SEARCH_PATHS = (
					"$(inherited)",
					"@executable_path/Frameworks",
					"@loader_path/Frameworks",
				);
				PRODUCT_BUNDLE_IDENTIFIER = "com.jacinda.Vysus-Welcome-version-3UITests";
				PRODUCT_NAME = "$(TARGET_NAME)";
				SWIFT_VERSION = 5.0;
				TARGETED_DEVICE_FAMILY = "1,2";
				TEST_TARGET_NAME = "Vysus Welcome version 3";
			};
			name = Debug;
		};
		3EDAEF6F22DC58EB00EA4DF1 /* Release */ = {
			isa = XCBuildConfiguration;
			buildSettings = {
				ALWAYS_EMBED_SWIFT_STANDARD_LIBRARIES = YES;
				CODE_SIGN_STYLE = Automatic;
				INFOPLIST_FILE = "Vysus Welcome version 3UITests/Info.plist";
				LD_RUNPATH_SEARCH_PATHS = (
					"$(inherited)",
					"@executable_path/Frameworks",
					"@loader_path/Frameworks",
				);
				PRODUCT_BUNDLE_IDENTIFIER = "com.jacinda.Vysus-Welcome-version-3UITests";
				PRODUCT_NAME = "$(TARGET_NAME)";
				SWIFT_VERSION = 5.0;
				TARGETED_DEVICE_FAMILY = "1,2";
				TEST_TARGET_NAME = "Vysus Welcome version 3";
			};
			name = Release;
		};
/* End XCBuildConfiguration section */

/* Begin XCConfigurationList section */
		3EDAEF3A22DC58EA00EA4DF1 /* Build configuration list for PBXProject "Vysus Welcome version 3" */ = {
			isa = XCConfigurationList;
			buildConfigurations = (
				3EDAEF6522DC58EB00EA4DF1 /* Debug */,
				3EDAEF6622DC58EB00EA4DF1 /* Release */,
			);
			defaultConfigurationIsVisible = 0;
			defaultConfigurationName = Release;
		};
		3EDAEF6722DC58EB00EA4DF1 /* Build configuration list for PBXNativeTarget "Vysus Welcome version 3" */ = {
			isa = XCConfigurationList;
			buildConfigurations = (
				3EDAEF6822DC58EB00EA4DF1 /* Debug */,
				3EDAEF6922DC58EB00EA4DF1 /* Release */,
			);
			defaultConfigurationIsVisible = 0;
			defaultConfigurationName = Release;
		};
		3EDAEF6A22DC58EB00EA4DF1 /* Build configuration list for PBXNativeTarget "Vysus Welcome version 3Tests" */ = {
			isa = XCConfigurationList;
			buildConfigurations = (
				3EDAEF6B22DC58EB00EA4DF1 /* Debug */,
				3EDAEF6C22DC58EB00EA4DF1 /* Release */,
			);
			defaultConfigurationIsVisible = 0;
			defaultConfigurationName = Release;
		};
		3EDAEF6D22DC58EB00EA4DF1 /* Build configuration list for PBXNativeTarget "Vysus Welcome version 3UITests" */ = {
			isa = XCConfigurationList;
			buildConfigurations = (
				3EDAEF6E22DC58EB00EA4DF1 /* Debug */,
				3EDAEF6F22DC58EB00EA4DF1 /* Release */,
			);
			defaultConfigurationIsVisible = 0;
			defaultConfigurationName = Release;
		};
/* End XCConfigurationList section */
	};
	rootObject = 3EDAEF3722DC58EA00EA4DF1 /* Project object */;
}
